Microsoft Visual Studio Solution File, Format Version 12.00
# Visual Studio 15
VisualStudioVersion = 15.0.27130.2010
MinimumVisualStudioVersion = 10.0.40219.1
Project("{2150E333-8FDC-42A3-9474-1A3956D46DE8}") = "Components", "Components", "{CCC1B63D-8D6A-46C9-9F07-78912CA463C6}"
EndProject
Project("{2150E333-8FDC-42A3-9474-1A3956D46DE8}") = "Tests", "Tests", "{DA50BDB6-6DEC-4C6E-B168-9F160AA9FD25}"
EndProject
Project("{FAE04EC0-301F-11D3-BF4B-00C04F79EFBC}") = "StrataAdministration", "components\StrataAdministration\StrataAdministration.csproj", "{2998535F-E27D-4C41-AD61-07525DA37D6D}"
EndProject
Project("{FAE04EC0-301F-11D3-BF4B-00C04F79EFBC}") = "StrataClient", "components\StrataClient\StrataClient.csproj", "{4F31711B-95E8-4C50-9317-2D181A4E963B}"
EndProject
Project("{FAE04EC0-301F-11D3-BF4B-00C04F79EFBC}") = "StrataCommon", "components\StrataCommon\StrataCommon.csproj", "{DF734F29-4597-4304-B69D-AAB78200EDA8}"
EndProject
Project("{FAE04EC0-301F-11D3-BF4B-00C04F79EFBC}") = "StrataEfPersistence", "components\StrataEfPersistence\StrataEfPersistence.csproj", "{4C118BB6-13FD-4931-9EF1-0F5A3B2A0FEF}"
EndProject
Project("{FAE04EC0-301F-11D3-BF4B-00C04F79EFBC}") = "StrataEmsIntegration", "components\StrataEmsIntegration\StrataEmsIntegration.csproj", "{026D0237-D4C7-4EC0-B31A-6CD660FECFA6}"
EndProject
Project("{FAE04EC0-301F-11D3-BF4B-00C04F79EFBC}") = "StrataIntegration", "components\StrataIntegration\StrataIntegration.csproj", "{C175F76A-01FA-40DA-8373-9820F322C912}"
EndProject
Project("{FAE04EC0-301F-11D3-BF4B-00C04F79EFBC}") = "StrataNhibernatePersistence", "components\StrataNhibernatePersistence\StrataNhibernatePersistence.csproj", "{3E27F25A-4E70-4BCF-B757-26EBF06A0A16}"
EndProject
Project("{2150E333-8FDC-42A3-9474-1A3956D46DE8}") = "Applications", "Applications", "{0BB0638A-992C-4954-9BAF-799DB09E0A6D}"
EndProject
Project("{2150E333-8FDC-42A3-9474-1A3956D46DE8}") = "Solution Items", "Solution Items", "{6B7C011B-D124-43A2-99F8-DCB3E27CC625}"
	ProjectSection(SolutionItems) = preProject
		tests\StrataTestSuite\StrataCommitSuite.testsettings = tests\StrataTestSuite\StrataCommitSuite.testsettings
		tests\StrataTestSuite\StrataIntegrationSuite.testsettings = tests\StrataTestSuite\StrataIntegrationSuite.testsettings
	EndProjectSection
EndProject
Project("{FAE04EC0-301F-11D3-BF4B-00C04F79EFBC}") = "StrataFlatFilePersistence", "components\StrataFlatFilePersistence\StrataFlatFilePersistence.csproj", "{3CB2719D-BE69-42D6-B7BB-706C343DBF54}"
EndProject
Project("{FAE04EC0-301F-11D3-BF4B-00C04F79EFBC}") = "StrataCommonTest", "tests\StrataCommonTest\StrataCommonTest.csproj", "{3D3BF1E6-AC34-4345-B930-3DC72631E06C}"
EndProject
Project("{FAE04EC0-301F-11D3-BF4B-00C04F79EFBC}") = "StrataClientTest", "tests\StrataClientTest\StrataClientTest.csproj", "{2F624E26-FFE1-4E68-AB31-1FC5AF885A44}"
EndProject
Project("{FAE04EC0-301F-11D3-BF4B-00C04F79EFBC}") = "StrataAdministrationTest", "tests\StrataAdministrationTest\StrataAdministrationTest.csproj", "{E6A88863-EB8A-4F97-A081-413D455B6083}"
EndProject
Project("{FAE04EC0-301F-11D3-BF4B-00C04F79EFBC}") = "StrataEfPersistenceTest", "tests\StrataEfPersistenceTest\StrataEfPersistenceTest.csproj", "{1C8B9BAE-0B5A-4D6A-B070-15788CDC91DB}"
EndProject
Project("{FAE04EC0-301F-11D3-BF4B-00C04F79EFBC}") = "StrataEmsIntegrationTest", "tests\StrataEmsIntegrationTest\StrataEmsIntegrationTest.csproj", "{498F02FA-0FA0-4DC9-ADBC-E656C0953B71}"
EndProject
Project("{FAE04EC0-301F-11D3-BF4B-00C04F79EFBC}") = "StrataFlatFilePersistenceTest", "tests\StrataFlatFilePersistenceTest\StrataFlatFilePersistenceTest.csproj", "{E3F98818-2EDC-4D5A-8FE1-6E22E62F7CD2}"
EndProject
Project("{FAE04EC0-301F-11D3-BF4B-00C04F79EFBC}") = "StrataIntegrationTest", "tests\StrataIntegrationTest\StrataIntegrationTest.csproj", "{544FB027-5EFE-456E-950F-CFB08588E6F0}"
EndProject
Project("{FAE04EC0-301F-11D3-BF4B-00C04F79EFBC}") = "StrataNhibernatePersistenceTest", "tests\StrataNhibernatePersistenceTest\StrataNhibernatePersistenceTest.csproj", "{885CCED5-18B5-4AA4-B873-3041869600C7}"
EndProject
Project("{FAE04EC0-301F-11D3-BF4B-00C04F79EFBC}") = "StrataPersistenceTest", "tests\StrataPersistenceTest\StrataPersistenceTest.csproj", "{30DC5DEB-ED45-4C6D-9552-98F67069C67D}"
EndProject
Project("{FAE04EC0-301F-11D3-BF4B-00C04F79EFBC}") = "StrataTestSuite", "tests\StrataTestSuite\StrataTestSuite.csproj", "{C75BCE2A-2856-471C-97C5-FA44CF737BE4}"
EndProject
Project("{FAE04EC0-301F-11D3-BF4B-00C04F79EFBC}") = "StrataWpfTestApp", "applications\StrataWpfTestApp\StrataWpfTestApp.csproj", "{502413FD-5061-4CB7-93BC-15C4438E473F}"
EndProject
Project("{FAE04EC0-301F-11D3-BF4B-00C04F79EFBC}") = "StrataWpfClientTest", "tests\StrataWpfClientTest\StrataWpfClientTest.csproj", "{783200BC-3614-4EB0-8AB9-34F642098F0E}"
EndProject
Project("{FAE04EC0-301F-11D3-BF4B-00C04F79EFBC}") = "Strata.Foundation", "components\Strata.Foundation\Strata.Foundation.csproj", "{C3757BE9-DB8F-4484-BD04-B35050D654A5}"
EndProject
Project("{FAE04EC0-301F-11D3-BF4B-00C04F79EFBC}") = "Strata.FoundationTest", "tests\Strata.FoundationTest\Strata.FoundationTest.csproj", "{ABC1C8FB-5557-45DF-B07D-4B3C85939CCF}"
EndProject
Project("{FAE04EC0-301F-11D3-BF4B-00C04F79EFBC}") = "Strata.Ninject", "components\Strata.Ninject\Strata.Ninject.csproj", "{3FA1D281-3579-4ADC-A4DA-FE337C3D31AC}"
EndProject
Project("{FAE04EC0-301F-11D3-BF4B-00C04F79EFBC}") = "Strata.Diagnostic", "components\Strata.Diagnostic\Strata.Diagnostic.csproj", "{EBF5D021-87D3-495E-A139-E07D6629BCC2}"
EndProject
Project("{2150E333-8FDC-42A3-9474-1A3956D46DE8}") = "Z-Temp", "Z-Temp", "{05EE8A5A-E066-4888-917E-1919269B3178}"
EndProject
Project("{2150E333-8FDC-42A3-9474-1A3956D46DE8}") = "Components", "Components", "{82348CA0-034C-42C4-BCCD-6C2E23BEC591}"
EndProject
Project("{2150E333-8FDC-42A3-9474-1A3956D46DE8}") = "Tests", "Tests", "{0B262E9E-878B-4C2E-9A24-F958C6E1A908}"
EndProject
Project("{FAE04EC0-301F-11D3-BF4B-00C04F79EFBC}") = "Strata.EntityFramework", "components\Strata.EntityFramework\Strata.EntityFramework.csproj", "{A0889F75-1151-417B-902B-78763A15D711}"
EndProject
Project("{FAE04EC0-301F-11D3-BF4B-00C04F79EFBC}") = "Strata.NinjectTest", "tests\Strata.NinjectTest\Strata.NinjectTest.csproj", "{5501E2F7-E7F5-4DC5-B0E9-9BFE07669DDC}"
EndProject
Project("{FAE04EC0-301F-11D3-BF4B-00C04F79EFBC}") = "Strata.EntityFrameworkTest", "tests\Strata.EntityFrameworkTest\Strata.EntityFrameworkTest.csproj", "{98E01775-5FFA-4688-B273-132C8CF885B3}"
EndProject
Project("{FAE04EC0-301F-11D3-BF4B-00C04F79EFBC}") = "Strata.DiagnosticTest", "tests\Strata.DiagnosticTest\Strata.DiagnosticTest.csproj", "{6A0546AF-EA07-41C1-90D1-6F045D469106}"
EndProject
Project("{FAE04EC0-301F-11D3-BF4B-00C04F79EFBC}") = "Strata.Nhibernate", "components\Strata.Nhibernate\Strata.Nhibernate.csproj", "{20DC0349-E3D4-4BCD-B222-D786EE7C55A7}"
EndProject
Project("{FAE04EC0-301F-11D3-BF4B-00C04F79EFBC}") = "Strata.NhibernateTest", "tests\Strata.NhibernateTest\Strata.NhibernateTest.csproj", "{E1373332-1F63-4E23-A10C-9CA9793320D3}"
EndProject
Project("{FAE04EC0-301F-11D3-BF4B-00C04F79EFBC}") = "Strata.Dapper", "components\Strata.Dapper\Strata.Dapper.csproj", "{8E16E056-622B-487F-BF85-5A34426309A6}"
EndProject
Project("{FAE04EC0-301F-11D3-BF4B-00C04F79EFBC}") = "Strata.DapperTest", "tests\Strata.DapperTest\Strata.DapperTest.csproj", "{3D42BAA3-23E9-49BB-AA02-78DCC825A9C6}"
EndProject
Project("{FAE04EC0-301F-11D3-BF4B-00C04F79EFBC}") = "Strata.Domain", "components\Strata.Domain\Strata.Domain.csproj", "{078CED98-5AA0-45BC-94D9-6F76B5D5A051}"
EndProject
Project("{FAE04EC0-301F-11D3-BF4B-00C04F79EFBC}") = "Strata.DomainTest", "tests\Strata.DomainTest\Strata.DomainTest.csproj", "{483AF538-E192-4936-BBBB-750DF123DFB2}"
EndProject
Project("{FAE04EC0-301F-11D3-BF4B-00C04F79EFBC}") = "Strata.Application", "components\Strata.Application\Strata.Application.csproj", "{0C057D4D-A024-4F8A-A4F2-5202A4F47444}"
EndProject
Global
	GlobalSection(SolutionConfigurationPlatforms) = preSolution
		Debug|Any CPU = Debug|Any CPU
		Publish|Any CPU = Publish|Any CPU
		Release|Any CPU = Release|Any CPU
	EndGlobalSection
	GlobalSection(ProjectConfigurationPlatforms) = postSolution
		{2998535F-E27D-4C41-AD61-07525DA37D6D}.Debug|Any CPU.ActiveCfg = Debug|Any CPU
		{2998535F-E27D-4C41-AD61-07525DA37D6D}.Debug|Any CPU.Build.0 = Debug|Any CPU
		{2998535F-E27D-4C41-AD61-07525DA37D6D}.Publish|Any CPU.ActiveCfg = Publish|Any CPU
		{2998535F-E27D-4C41-AD61-07525DA37D6D}.Publish|Any CPU.Build.0 = Publish|Any CPU
		{2998535F-E27D-4C41-AD61-07525DA37D6D}.Release|Any CPU.ActiveCfg = Release|Any CPU
		{2998535F-E27D-4C41-AD61-07525DA37D6D}.Release|Any CPU.Build.0 = Release|Any CPU
		{4F31711B-95E8-4C50-9317-2D181A4E963B}.Debug|Any CPU.ActiveCfg = Debug|Any CPU
		{4F31711B-95E8-4C50-9317-2D181A4E963B}.Debug|Any CPU.Build.0 = Debug|Any CPU
		{4F31711B-95E8-4C50-9317-2D181A4E963B}.Publish|Any CPU.ActiveCfg = Publish|Any CPU
		{4F31711B-95E8-4C50-9317-2D181A4E963B}.Publish|Any CPU.Build.0 = Publish|Any CPU
		{4F31711B-95E8-4C50-9317-2D181A4E963B}.Release|Any CPU.ActiveCfg = Release|Any CPU
		{4F31711B-95E8-4C50-9317-2D181A4E963B}.Release|Any CPU.Build.0 = Release|Any CPU
		{DF734F29-4597-4304-B69D-AAB78200EDA8}.Debug|Any CPU.ActiveCfg = Debug|Any CPU
		{DF734F29-4597-4304-B69D-AAB78200EDA8}.Debug|Any CPU.Build.0 = Debug|Any CPU
		{DF734F29-4597-4304-B69D-AAB78200EDA8}.Publish|Any CPU.ActiveCfg = Publish|Any CPU
		{DF734F29-4597-4304-B69D-AAB78200EDA8}.Publish|Any CPU.Build.0 = Publish|Any CPU
		{DF734F29-4597-4304-B69D-AAB78200EDA8}.Release|Any CPU.ActiveCfg = Release|Any CPU
		{DF734F29-4597-4304-B69D-AAB78200EDA8}.Release|Any CPU.Build.0 = Release|Any CPU
		{4C118BB6-13FD-4931-9EF1-0F5A3B2A0FEF}.Debug|Any CPU.ActiveCfg = Debug|Any CPU
		{4C118BB6-13FD-4931-9EF1-0F5A3B2A0FEF}.Debug|Any CPU.Build.0 = Debug|Any CPU
		{4C118BB6-13FD-4931-9EF1-0F5A3B2A0FEF}.Publish|Any CPU.ActiveCfg = Publish|Any CPU
		{4C118BB6-13FD-4931-9EF1-0F5A3B2A0FEF}.Publish|Any CPU.Build.0 = Publish|Any CPU
		{4C118BB6-13FD-4931-9EF1-0F5A3B2A0FEF}.Release|Any CPU.ActiveCfg = Release|Any CPU
		{4C118BB6-13FD-4931-9EF1-0F5A3B2A0FEF}.Release|Any CPU.Build.0 = Release|Any CPU
		{026D0237-D4C7-4EC0-B31A-6CD660FECFA6}.Debug|Any CPU.ActiveCfg = Debug|Any CPU
		{026D0237-D4C7-4EC0-B31A-6CD660FECFA6}.Debug|Any CPU.Build.0 = Debug|Any CPU
		{026D0237-D4C7-4EC0-B31A-6CD660FECFA6}.Publish|Any CPU.ActiveCfg = Publish|Any CPU
		{026D0237-D4C7-4EC0-B31A-6CD660FECFA6}.Publish|Any CPU.Build.0 = Publish|Any CPU
		{026D0237-D4C7-4EC0-B31A-6CD660FECFA6}.Release|Any CPU.ActiveCfg = Release|Any CPU
		{026D0237-D4C7-4EC0-B31A-6CD660FECFA6}.Release|Any CPU.Build.0 = Release|Any CPU
		{C175F76A-01FA-40DA-8373-9820F322C912}.Debug|Any CPU.ActiveCfg = Debug|Any CPU
		{C175F76A-01FA-40DA-8373-9820F322C912}.Debug|Any CPU.Build.0 = Debug|Any CPU
		{C175F76A-01FA-40DA-8373-9820F322C912}.Publish|Any CPU.ActiveCfg = Publish|Any CPU
		{C175F76A-01FA-40DA-8373-9820F322C912}.Publish|Any CPU.Build.0 = Publish|Any CPU
		{C175F76A-01FA-40DA-8373-9820F322C912}.Release|Any CPU.ActiveCfg = Release|Any CPU
		{C175F76A-01FA-40DA-8373-9820F322C912}.Release|Any CPU.Build.0 = Release|Any CPU
		{3E27F25A-4E70-4BCF-B757-26EBF06A0A16}.Debug|Any CPU.ActiveCfg = Debug|Any CPU
		{3E27F25A-4E70-4BCF-B757-26EBF06A0A16}.Debug|Any CPU.Build.0 = Debug|Any CPU
		{3E27F25A-4E70-4BCF-B757-26EBF06A0A16}.Publish|Any CPU.ActiveCfg = Publish|Any CPU
		{3E27F25A-4E70-4BCF-B757-26EBF06A0A16}.Publish|Any CPU.Build.0 = Publish|Any CPU
		{3E27F25A-4E70-4BCF-B757-26EBF06A0A16}.Release|Any CPU.ActiveCfg = Release|Any CPU
		{3E27F25A-4E70-4BCF-B757-26EBF06A0A16}.Release|Any CPU.Build.0 = Release|Any CPU
		{3CB2719D-BE69-42D6-B7BB-706C343DBF54}.Debug|Any CPU.ActiveCfg = Debug|Any CPU
		{3CB2719D-BE69-42D6-B7BB-706C343DBF54}.Debug|Any CPU.Build.0 = Debug|Any CPU
		{3CB2719D-BE69-42D6-B7BB-706C343DBF54}.Publish|Any CPU.ActiveCfg = Publish|Any CPU
		{3CB2719D-BE69-42D6-B7BB-706C343DBF54}.Publish|Any CPU.Build.0 = Publish|Any CPU
		{3CB2719D-BE69-42D6-B7BB-706C343DBF54}.Release|Any CPU.ActiveCfg = Release|Any CPU
		{3CB2719D-BE69-42D6-B7BB-706C343DBF54}.Release|Any CPU.Build.0 = Release|Any CPU
		{3D3BF1E6-AC34-4345-B930-3DC72631E06C}.Debug|Any CPU.ActiveCfg = Debug|Any CPU
		{3D3BF1E6-AC34-4345-B930-3DC72631E06C}.Debug|Any CPU.Build.0 = Debug|Any CPU
		{3D3BF1E6-AC34-4345-B930-3DC72631E06C}.Publish|Any CPU.ActiveCfg = Publish|Any CPU
		{3D3BF1E6-AC34-4345-B930-3DC72631E06C}.Publish|Any CPU.Build.0 = Publish|Any CPU
		{3D3BF1E6-AC34-4345-B930-3DC72631E06C}.Release|Any CPU.ActiveCfg = Release|Any CPU
		{3D3BF1E6-AC34-4345-B930-3DC72631E06C}.Release|Any CPU.Build.0 = Release|Any CPU
		{2F624E26-FFE1-4E68-AB31-1FC5AF885A44}.Debug|Any CPU.ActiveCfg = Debug|Any CPU
		{2F624E26-FFE1-4E68-AB31-1FC5AF885A44}.Debug|Any CPU.Build.0 = Debug|Any CPU
		{2F624E26-FFE1-4E68-AB31-1FC5AF885A44}.Publish|Any CPU.ActiveCfg = Publish|Any CPU
		{2F624E26-FFE1-4E68-AB31-1FC5AF885A44}.Publish|Any CPU.Build.0 = Publish|Any CPU
		{2F624E26-FFE1-4E68-AB31-1FC5AF885A44}.Release|Any CPU.ActiveCfg = Release|Any CPU
		{2F624E26-FFE1-4E68-AB31-1FC5AF885A44}.Release|Any CPU.Build.0 = Release|Any CPU
		{E6A88863-EB8A-4F97-A081-413D455B6083}.Debug|Any CPU.ActiveCfg = Debug|Any CPU
		{E6A88863-EB8A-4F97-A081-413D455B6083}.Debug|Any CPU.Build.0 = Debug|Any CPU
		{E6A88863-EB8A-4F97-A081-413D455B6083}.Publish|Any CPU.ActiveCfg = Publish|Any CPU
		{E6A88863-EB8A-4F97-A081-413D455B6083}.Publish|Any CPU.Build.0 = Publish|Any CPU
		{E6A88863-EB8A-4F97-A081-413D455B6083}.Release|Any CPU.ActiveCfg = Release|Any CPU
		{E6A88863-EB8A-4F97-A081-413D455B6083}.Release|Any CPU.Build.0 = Release|Any CPU
		{1C8B9BAE-0B5A-4D6A-B070-15788CDC91DB}.Debug|Any CPU.ActiveCfg = Debug|Any CPU
		{1C8B9BAE-0B5A-4D6A-B070-15788CDC91DB}.Debug|Any CPU.Build.0 = Debug|Any CPU
		{1C8B9BAE-0B5A-4D6A-B070-15788CDC91DB}.Publish|Any CPU.ActiveCfg = Publish|Any CPU
		{1C8B9BAE-0B5A-4D6A-B070-15788CDC91DB}.Publish|Any CPU.Build.0 = Publish|Any CPU
		{1C8B9BAE-0B5A-4D6A-B070-15788CDC91DB}.Release|Any CPU.ActiveCfg = Release|Any CPU
		{1C8B9BAE-0B5A-4D6A-B070-15788CDC91DB}.Release|Any CPU.Build.0 = Release|Any CPU
		{498F02FA-0FA0-4DC9-ADBC-E656C0953B71}.Debug|Any CPU.ActiveCfg = Debug|Any CPU
		{498F02FA-0FA0-4DC9-ADBC-E656C0953B71}.Debug|Any CPU.Build.0 = Debug|Any CPU
		{498F02FA-0FA0-4DC9-ADBC-E656C0953B71}.Publish|Any CPU.ActiveCfg = Publish|Any CPU
		{498F02FA-0FA0-4DC9-ADBC-E656C0953B71}.Publish|Any CPU.Build.0 = Publish|Any CPU
		{498F02FA-0FA0-4DC9-ADBC-E656C0953B71}.Release|Any CPU.ActiveCfg = Release|Any CPU
		{498F02FA-0FA0-4DC9-ADBC-E656C0953B71}.Release|Any CPU.Build.0 = Release|Any CPU
		{E3F98818-2EDC-4D5A-8FE1-6E22E62F7CD2}.Debug|Any CPU.ActiveCfg = Debug|Any CPU
		{E3F98818-2EDC-4D5A-8FE1-6E22E62F7CD2}.Debug|Any CPU.Build.0 = Debug|Any CPU
		{E3F98818-2EDC-4D5A-8FE1-6E22E62F7CD2}.Publish|Any CPU.ActiveCfg = Publish|Any CPU
		{E3F98818-2EDC-4D5A-8FE1-6E22E62F7CD2}.Publish|Any CPU.Build.0 = Publish|Any CPU
		{E3F98818-2EDC-4D5A-8FE1-6E22E62F7CD2}.Release|Any CPU.ActiveCfg = Release|Any CPU
		{E3F98818-2EDC-4D5A-8FE1-6E22E62F7CD2}.Release|Any CPU.Build.0 = Release|Any CPU
		{544FB027-5EFE-456E-950F-CFB08588E6F0}.Debug|Any CPU.ActiveCfg = Debug|Any CPU
		{544FB027-5EFE-456E-950F-CFB08588E6F0}.Debug|Any CPU.Build.0 = Debug|Any CPU
		{544FB027-5EFE-456E-950F-CFB08588E6F0}.Publish|Any CPU.ActiveCfg = Publish|Any CPU
		{544FB027-5EFE-456E-950F-CFB08588E6F0}.Publish|Any CPU.Build.0 = Publish|Any CPU
		{544FB027-5EFE-456E-950F-CFB08588E6F0}.Release|Any CPU.ActiveCfg = Release|Any CPU
		{544FB027-5EFE-456E-950F-CFB08588E6F0}.Release|Any CPU.Build.0 = Release|Any CPU
		{885CCED5-18B5-4AA4-B873-3041869600C7}.Debug|Any CPU.ActiveCfg = Debug|Any CPU
		{885CCED5-18B5-4AA4-B873-3041869600C7}.Debug|Any CPU.Build.0 = Debug|Any CPU
		{885CCED5-18B5-4AA4-B873-3041869600C7}.Publish|Any CPU.ActiveCfg = Publish|Any CPU
		{885CCED5-18B5-4AA4-B873-3041869600C7}.Publish|Any CPU.Build.0 = Publish|Any CPU
		{885CCED5-18B5-4AA4-B873-3041869600C7}.Release|Any CPU.ActiveCfg = Release|Any CPU
		{885CCED5-18B5-4AA4-B873-3041869600C7}.Release|Any CPU.Build.0 = Release|Any CPU
		{30DC5DEB-ED45-4C6D-9552-98F67069C67D}.Debug|Any CPU.ActiveCfg = Debug|Any CPU
		{30DC5DEB-ED45-4C6D-9552-98F67069C67D}.Debug|Any CPU.Build.0 = Debug|Any CPU
		{30DC5DEB-ED45-4C6D-9552-98F67069C67D}.Publish|Any CPU.ActiveCfg = Publish|Any CPU
		{30DC5DEB-ED45-4C6D-9552-98F67069C67D}.Publish|Any CPU.Build.0 = Publish|Any CPU
		{30DC5DEB-ED45-4C6D-9552-98F67069C67D}.Release|Any CPU.ActiveCfg = Release|Any CPU
		{30DC5DEB-ED45-4C6D-9552-98F67069C67D}.Release|Any CPU.Build.0 = Release|Any CPU
		{C75BCE2A-2856-471C-97C5-FA44CF737BE4}.Debug|Any CPU.ActiveCfg = Debug|Any CPU
		{C75BCE2A-2856-471C-97C5-FA44CF737BE4}.Debug|Any CPU.Build.0 = Debug|Any CPU
		{C75BCE2A-2856-471C-97C5-FA44CF737BE4}.Publish|Any CPU.ActiveCfg = Release|Any CPU
		{C75BCE2A-2856-471C-97C5-FA44CF737BE4}.Publish|Any CPU.Build.0 = Release|Any CPU
		{C75BCE2A-2856-471C-97C5-FA44CF737BE4}.Release|Any CPU.ActiveCfg = Release|Any CPU
		{C75BCE2A-2856-471C-97C5-FA44CF737BE4}.Release|Any CPU.Build.0 = Release|Any CPU
		{502413FD-5061-4CB7-93BC-15C4438E473F}.Debug|Any CPU.ActiveCfg = Debug|Any CPU
		{502413FD-5061-4CB7-93BC-15C4438E473F}.Debug|Any CPU.Build.0 = Debug|Any CPU
		{502413FD-5061-4CB7-93BC-15C4438E473F}.Publish|Any CPU.ActiveCfg = Release|Any CPU
		{502413FD-5061-4CB7-93BC-15C4438E473F}.Publish|Any CPU.Build.0 = Release|Any CPU
		{502413FD-5061-4CB7-93BC-15C4438E473F}.Release|Any CPU.ActiveCfg = Release|Any CPU
		{502413FD-5061-4CB7-93BC-15C4438E473F}.Release|Any CPU.Build.0 = Release|Any CPU
		{783200BC-3614-4EB0-8AB9-34F642098F0E}.Debug|Any CPU.ActiveCfg = Debug|Any CPU
		{783200BC-3614-4EB0-8AB9-34F642098F0E}.Debug|Any CPU.Build.0 = Debug|Any CPU
		{783200BC-3614-4EB0-8AB9-34F642098F0E}.Publish|Any CPU.ActiveCfg = Release|Any CPU
		{783200BC-3614-4EB0-8AB9-34F642098F0E}.Publish|Any CPU.Build.0 = Release|Any CPU
		{783200BC-3614-4EB0-8AB9-34F642098F0E}.Release|Any CPU.ActiveCfg = Release|Any CPU
		{783200BC-3614-4EB0-8AB9-34F642098F0E}.Release|Any CPU.Build.0 = Release|Any CPU
		{C3757BE9-DB8F-4484-BD04-B35050D654A5}.Debug|Any CPU.ActiveCfg = Debug|Any CPU
		{C3757BE9-DB8F-4484-BD04-B35050D654A5}.Debug|Any CPU.Build.0 = Debug|Any CPU
		{C3757BE9-DB8F-4484-BD04-B35050D654A5}.Publish|Any CPU.ActiveCfg = Release|Any CPU
		{C3757BE9-DB8F-4484-BD04-B35050D654A5}.Publish|Any CPU.Build.0 = Release|Any CPU
		{C3757BE9-DB8F-4484-BD04-B35050D654A5}.Release|Any CPU.ActiveCfg = Release|Any CPU
		{C3757BE9-DB8F-4484-BD04-B35050D654A5}.Release|Any CPU.Build.0 = Release|Any CPU
		{ABC1C8FB-5557-45DF-B07D-4B3C85939CCF}.Debug|Any CPU.ActiveCfg = Debug|Any CPU
		{ABC1C8FB-5557-45DF-B07D-4B3C85939CCF}.Debug|Any CPU.Build.0 = Debug|Any CPU
		{ABC1C8FB-5557-45DF-B07D-4B3C85939CCF}.Publish|Any CPU.ActiveCfg = Release|Any CPU
		{ABC1C8FB-5557-45DF-B07D-4B3C85939CCF}.Publish|Any CPU.Build.0 = Release|Any CPU
		{ABC1C8FB-5557-45DF-B07D-4B3C85939CCF}.Release|Any CPU.ActiveCfg = Release|Any CPU
		{ABC1C8FB-5557-45DF-B07D-4B3C85939CCF}.Release|Any CPU.Build.0 = Release|Any CPU
		{3FA1D281-3579-4ADC-A4DA-FE337C3D31AC}.Debug|Any CPU.ActiveCfg = Debug|Any CPU
		{3FA1D281-3579-4ADC-A4DA-FE337C3D31AC}.Debug|Any CPU.Build.0 = Debug|Any CPU
		{3FA1D281-3579-4ADC-A4DA-FE337C3D31AC}.Publish|Any CPU.ActiveCfg = Release|Any CPU
		{3FA1D281-3579-4ADC-A4DA-FE337C3D31AC}.Publish|Any CPU.Build.0 = Release|Any CPU
		{3FA1D281-3579-4ADC-A4DA-FE337C3D31AC}.Release|Any CPU.ActiveCfg = Release|Any CPU
		{3FA1D281-3579-4ADC-A4DA-FE337C3D31AC}.Release|Any CPU.Build.0 = Release|Any CPU
		{EBF5D021-87D3-495E-A139-E07D6629BCC2}.Debug|Any CPU.ActiveCfg = Debug|Any CPU
		{EBF5D021-87D3-495E-A139-E07D6629BCC2}.Debug|Any CPU.Build.0 = Debug|Any CPU
		{EBF5D021-87D3-495E-A139-E07D6629BCC2}.Publish|Any CPU.ActiveCfg = Release|Any CPU
		{EBF5D021-87D3-495E-A139-E07D6629BCC2}.Publish|Any CPU.Build.0 = Release|Any CPU
		{EBF5D021-87D3-495E-A139-E07D6629BCC2}.Release|Any CPU.ActiveCfg = Release|Any CPU
		{EBF5D021-87D3-495E-A139-E07D6629BCC2}.Release|Any CPU.Build.0 = Release|Any CPU
		{A0889F75-1151-417B-902B-78763A15D711}.Debug|Any CPU.ActiveCfg = Debug|Any CPU
		{A0889F75-1151-417B-902B-78763A15D711}.Debug|Any CPU.Build.0 = Debug|Any CPU
		{A0889F75-1151-417B-902B-78763A15D711}.Publish|Any CPU.ActiveCfg = Release|Any CPU
		{A0889F75-1151-417B-902B-78763A15D711}.Publish|Any CPU.Build.0 = Release|Any CPU
		{A0889F75-1151-417B-902B-78763A15D711}.Release|Any CPU.ActiveCfg = Release|Any CPU
		{A0889F75-1151-417B-902B-78763A15D711}.Release|Any CPU.Build.0 = Release|Any CPU
		{5501E2F7-E7F5-4DC5-B0E9-9BFE07669DDC}.Debug|Any CPU.ActiveCfg = Debug|Any CPU
		{5501E2F7-E7F5-4DC5-B0E9-9BFE07669DDC}.Debug|Any CPU.Build.0 = Debug|Any CPU
		{5501E2F7-E7F5-4DC5-B0E9-9BFE07669DDC}.Publish|Any CPU.ActiveCfg = Release|Any CPU
		{5501E2F7-E7F5-4DC5-B0E9-9BFE07669DDC}.Publish|Any CPU.Build.0 = Release|Any CPU
		{5501E2F7-E7F5-4DC5-B0E9-9BFE07669DDC}.Release|Any CPU.ActiveCfg = Release|Any CPU
		{5501E2F7-E7F5-4DC5-B0E9-9BFE07669DDC}.Release|Any CPU.Build.0 = Release|Any CPU
		{98E01775-5FFA-4688-B273-132C8CF885B3}.Debug|Any CPU.ActiveCfg = Debug|Any CPU
		{98E01775-5FFA-4688-B273-132C8CF885B3}.Debug|Any CPU.Build.0 = Debug|Any CPU
		{98E01775-5FFA-4688-B273-132C8CF885B3}.Publish|Any CPU.ActiveCfg = Release|Any CPU
		{98E01775-5FFA-4688-B273-132C8CF885B3}.Publish|Any CPU.Build.0 = Release|Any CPU
		{98E01775-5FFA-4688-B273-132C8CF885B3}.Release|Any CPU.ActiveCfg = Release|Any CPU
		{98E01775-5FFA-4688-B273-132C8CF885B3}.Release|Any CPU.Build.0 = Release|Any CPU
		{6A0546AF-EA07-41C1-90D1-6F045D469106}.Debug|Any CPU.ActiveCfg = Debug|Any CPU
		{6A0546AF-EA07-41C1-90D1-6F045D469106}.Debug|Any CPU.Build.0 = Debug|Any CPU
		{6A0546AF-EA07-41C1-90D1-6F045D469106}.Publish|Any CPU.ActiveCfg = Release|Any CPU
		{6A0546AF-EA07-41C1-90D1-6F045D469106}.Publish|Any CPU.Build.0 = Release|Any CPU
		{6A0546AF-EA07-41C1-90D1-6F045D469106}.Release|Any CPU.ActiveCfg = Release|Any CPU
		{6A0546AF-EA07-41C1-90D1-6F045D469106}.Release|Any CPU.Build.0 = Release|Any CPU
		{20DC0349-E3D4-4BCD-B222-D786EE7C55A7}.Debug|Any CPU.ActiveCfg = Debug|Any CPU
		{20DC0349-E3D4-4BCD-B222-D786EE7C55A7}.Debug|Any CPU.Build.0 = Debug|Any CPU
		{20DC0349-E3D4-4BCD-B222-D786EE7C55A7}.Publish|Any CPU.ActiveCfg = Release|Any CPU
		{20DC0349-E3D4-4BCD-B222-D786EE7C55A7}.Publish|Any CPU.Build.0 = Release|Any CPU
		{20DC0349-E3D4-4BCD-B222-D786EE7C55A7}.Release|Any CPU.ActiveCfg = Release|Any CPU
		{20DC0349-E3D4-4BCD-B222-D786EE7C55A7}.Release|Any CPU.Build.0 = Release|Any CPU
		{E1373332-1F63-4E23-A10C-9CA9793320D3}.Debug|Any CPU.ActiveCfg = Debug|Any CPU
		{E1373332-1F63-4E23-A10C-9CA9793320D3}.Debug|Any CPU.Build.0 = Debug|Any CPU
		{E1373332-1F63-4E23-A10C-9CA9793320D3}.Publish|Any CPU.ActiveCfg = Release|Any CPU
		{E1373332-1F63-4E23-A10C-9CA9793320D3}.Publish|Any CPU.Build.0 = Release|Any CPU
		{E1373332-1F63-4E23-A10C-9CA9793320D3}.Release|Any CPU.ActiveCfg = Release|Any CPU
		{E1373332-1F63-4E23-A10C-9CA9793320D3}.Release|Any CPU.Build.0 = Release|Any CPU
		{8E16E056-622B-487F-BF85-5A34426309A6}.Debug|Any CPU.ActiveCfg = Debug|Any CPU
		{8E16E056-622B-487F-BF85-5A34426309A6}.Debug|Any CPU.Build.0 = Debug|Any CPU
		{8E16E056-622B-487F-BF85-5A34426309A6}.Publish|Any CPU.ActiveCfg = Release|Any CPU
		{8E16E056-622B-487F-BF85-5A34426309A6}.Publish|Any CPU.Build.0 = Release|Any CPU
		{8E16E056-622B-487F-BF85-5A34426309A6}.Release|Any CPU.ActiveCfg = Release|Any CPU
		{8E16E056-622B-487F-BF85-5A34426309A6}.Release|Any CPU.Build.0 = Release|Any CPU
		{3D42BAA3-23E9-49BB-AA02-78DCC825A9C6}.Debug|Any CPU.ActiveCfg = Debug|Any CPU
		{3D42BAA3-23E9-49BB-AA02-78DCC825A9C6}.Debug|Any CPU.Build.0 = Debug|Any CPU
		{3D42BAA3-23E9-49BB-AA02-78DCC825A9C6}.Publish|Any CPU.ActiveCfg = Release|Any CPU
		{3D42BAA3-23E9-49BB-AA02-78DCC825A9C6}.Publish|Any CPU.Build.0 = Release|Any CPU
		{3D42BAA3-23E9-49BB-AA02-78DCC825A9C6}.Release|Any CPU.ActiveCfg = Release|Any CPU
		{3D42BAA3-23E9-49BB-AA02-78DCC825A9C6}.Release|Any CPU.Build.0 = Release|Any CPU
		{078CED98-5AA0-45BC-94D9-6F76B5D5A051}.Debug|Any CPU.ActiveCfg = Debug|Any CPU
		{078CED98-5AA0-45BC-94D9-6F76B5D5A051}.Debug|Any CPU.Build.0 = Debug|Any CPU
		{078CED98-5AA0-45BC-94D9-6F76B5D5A051}.Publish|Any CPU.ActiveCfg = Release|Any CPU
		{078CED98-5AA0-45BC-94D9-6F76B5D5A051}.Publish|Any CPU.Build.0 = Release|Any CPU
		{078CED98-5AA0-45BC-94D9-6F76B5D5A051}.Release|Any CPU.ActiveCfg = Release|Any CPU
		{078CED98-5AA0-45BC-94D9-6F76B5D5A051}.Release|Any CPU.Build.0 = Release|Any CPU
		{483AF538-E192-4936-BBBB-750DF123DFB2}.Debug|Any CPU.ActiveCfg = Debug|Any CPU
		{483AF538-E192-4936-BBBB-750DF123DFB2}.Debug|Any CPU.Build.0 = Debug|Any CPU
		{483AF538-E192-4936-BBBB-750DF123DFB2}.Publish|Any CPU.ActiveCfg = Release|Any CPU
		{483AF538-E192-4936-BBBB-750DF123DFB2}.Publish|Any CPU.Build.0 = Release|Any CPU
		{483AF538-E192-4936-BBBB-750DF123DFB2}.Release|Any CPU.ActiveCfg = Release|Any CPU
		{483AF538-E192-4936-BBBB-750DF123DFB2}.Release|Any CPU.Build.0 = Release|Any CPU
		{0C057D4D-A024-4F8A-A4F2-5202A4F47444}.Debug|Any CPU.ActiveCfg = Debug|Any CPU
		{0C057D4D-A024-4F8A-A4F2-5202A4F47444}.Debug|Any CPU.Build.0 = Debug|Any CPU
		{0C057D4D-A024-4F8A-A4F2-5202A4F47444}.Publish|Any CPU.ActiveCfg = Release|Any CPU
		{0C057D4D-A024-4F8A-A4F2-5202A4F47444}.Publish|Any CPU.Build.0 = Release|Any CPU
		{0C057D4D-A024-4F8A-A4F2-5202A4F47444}.Release|Any CPU.ActiveCfg = Release|Any CPU
		{0C057D4D-A024-4F8A-A4F2-5202A4F47444}.Release|Any CPU.Build.0 = Release|Any CPU
	EndGlobalSection
	GlobalSection(SolutionProperties) = preSolution
		HideSolutionNode = FALSE
	EndGlobalSection
	GlobalSection(NestedProjects) = preSolution
		{2998535F-E27D-4C41-AD61-07525DA37D6D} = {82348CA0-034C-42C4-BCCD-6C2E23BEC591}
		{4F31711B-95E8-4C50-9317-2D181A4E963B} = {82348CA0-034C-42C4-BCCD-6C2E23BEC591}
		{DF734F29-4597-4304-B69D-AAB78200EDA8} = {82348CA0-034C-42C4-BCCD-6C2E23BEC591}
		{4C118BB6-13FD-4931-9EF1-0F5A3B2A0FEF} = {82348CA0-034C-42C4-BCCD-6C2E23BEC591}
		{026D0237-D4C7-4EC0-B31A-6CD660FECFA6} = {82348CA0-034C-42C4-BCCD-6C2E23BEC591}
		{C175F76A-01FA-40DA-8373-9820F322C912} = {82348CA0-034C-42C4-BCCD-6C2E23BEC591}
		{3E27F25A-4E70-4BCF-B757-26EBF06A0A16} = {82348CA0-034C-42C4-BCCD-6C2E23BEC591}
		{6B7C011B-D124-43A2-99F8-DCB3E27CC625} = {DA50BDB6-6DEC-4C6E-B168-9F160AA9FD25}
		{3CB2719D-BE69-42D6-B7BB-706C343DBF54} = {82348CA0-034C-42C4-BCCD-6C2E23BEC591}
		{3D3BF1E6-AC34-4345-B930-3DC72631E06C} = {0B262E9E-878B-4C2E-9A24-F958C6E1A908}
		{2F624E26-FFE1-4E68-AB31-1FC5AF885A44} = {0B262E9E-878B-4C2E-9A24-F958C6E1A908}
		{E6A88863-EB8A-4F97-A081-413D455B6083} = {0B262E9E-878B-4C2E-9A24-F958C6E1A908}
		{1C8B9BAE-0B5A-4D6A-B070-15788CDC91DB} = {0B262E9E-878B-4C2E-9A24-F958C6E1A908}
		{498F02FA-0FA0-4DC9-ADBC-E656C0953B71} = {0B262E9E-878B-4C2E-9A24-F958C6E1A908}
		{E3F98818-2EDC-4D5A-8FE1-6E22E62F7CD2} = {0B262E9E-878B-4C2E-9A24-F958C6E1A908}
		{544FB027-5EFE-456E-950F-CFB08588E6F0} = {0B262E9E-878B-4C2E-9A24-F958C6E1A908}
		{885CCED5-18B5-4AA4-B873-3041869600C7} = {0B262E9E-878B-4C2E-9A24-F958C6E1A908}
		{30DC5DEB-ED45-4C6D-9552-98F67069C67D} = {0B262E9E-878B-4C2E-9A24-F958C6E1A908}
		{C75BCE2A-2856-471C-97C5-FA44CF737BE4} = {0B262E9E-878B-4C2E-9A24-F958C6E1A908}
		{502413FD-5061-4CB7-93BC-15C4438E473F} = {0BB0638A-992C-4954-9BAF-799DB09E0A6D}
		{783200BC-3614-4EB0-8AB9-34F642098F0E} = {0B262E9E-878B-4C2E-9A24-F958C6E1A908}
		{C3757BE9-DB8F-4484-BD04-B35050D654A5} = {CCC1B63D-8D6A-46C9-9F07-78912CA463C6}
		{ABC1C8FB-5557-45DF-B07D-4B3C85939CCF} = {DA50BDB6-6DEC-4C6E-B168-9F160AA9FD25}
		{3FA1D281-3579-4ADC-A4DA-FE337C3D31AC} = {CCC1B63D-8D6A-46C9-9F07-78912CA463C6}
		{EBF5D021-87D3-495E-A139-E07D6629BCC2} = {CCC1B63D-8D6A-46C9-9F07-78912CA463C6}
		{82348CA0-034C-42C4-BCCD-6C2E23BEC591} = {05EE8A5A-E066-4888-917E-1919269B3178}
		{0B262E9E-878B-4C2E-9A24-F958C6E1A908} = {05EE8A5A-E066-4888-917E-1919269B3178}
		{A0889F75-1151-417B-902B-78763A15D711} = {CCC1B63D-8D6A-46C9-9F07-78912CA463C6}
		{5501E2F7-E7F5-4DC5-B0E9-9BFE07669DDC} = {DA50BDB6-6DEC-4C6E-B168-9F160AA9FD25}
		{98E01775-5FFA-4688-B273-132C8CF885B3} = {DA50BDB6-6DEC-4C6E-B168-9F160AA9FD25}
		{6A0546AF-EA07-41C1-90D1-6F045D469106} = {DA50BDB6-6DEC-4C6E-B168-9F160AA9FD25}
		{20DC0349-E3D4-4BCD-B222-D786EE7C55A7} = {CCC1B63D-8D6A-46C9-9F07-78912CA463C6}
		{E1373332-1F63-4E23-A10C-9CA9793320D3} = {DA50BDB6-6DEC-4C6E-B168-9F160AA9FD25}
		{8E16E056-622B-487F-BF85-5A34426309A6} = {CCC1B63D-8D6A-46C9-9F07-78912CA463C6}
		{3D42BAA3-23E9-49BB-AA02-78DCC825A9C6} = {DA50BDB6-6DEC-4C6E-B168-9F160AA9FD25}
		{078CED98-5AA0-45BC-94D9-6F76B5D5A051} = {CCC1B63D-8D6A-46C9-9F07-78912CA463C6}
		{483AF538-E192-4936-BBBB-750DF123DFB2} = {DA50BDB6-6DEC-4C6E-B168-9F160AA9FD25}
		{0C057D4D-A024-4F8A-A4F2-5202A4F47444} = {CCC1B63D-8D6A-46C9-9F07-78912CA463C6}
	EndGlobalSection
	GlobalSection(ExtensibilityGlobals) = postSolution
		EnterpriseLibraryConfigurationToolBinariesPathV6 = packages\EnterpriseLibrary.Common.6.0.1304.0\lib\NET45;packages\EnterpriseLibrary.Logging.6.0.1304.0\lib\NET45;packages\EnterpriseLibrary.ExceptionHandling.6.0.1304.0\lib\NET45
		SolutionGuid = {4E5CB16E-927D-4CEF-8A70-6E3A7093796F}
	EndGlobalSection
	GlobalSection(TestCaseManagementSettings) = postSolution
		CategoryFile = Strata.vsmdi
	EndGlobalSection
EndGlobal
