
Microsoft Visual Studio Solution File, Format Version 12.00
# Visual Studio 14
VisualStudioVersion = 14.0.23107.0
MinimumVisualStudioVersion = 10.0.40219.1
Project("{FAE04EC0-301F-11D3-BF4B-00C04F79EFBC}") = "StrataClient", "components\StrataClient\StrataClient.csproj", "{BE2F05C0-1BD3-4041-A575-421FFBC905D0}"
EndProject
Project("{2150E333-8FDC-42A3-9474-1A3956D46DE8}") = "Applications", "Applications", "{98B889EC-59B4-47E1-AD62-3476C099D3DF}"
EndProject
Project("{2150E333-8FDC-42A3-9474-1A3956D46DE8}") = "Components", "Components", "{1F7E4D45-A761-47C5-AD41-B5914BF97A4D}"
EndProject
Project("{2150E333-8FDC-42A3-9474-1A3956D46DE8}") = "Tests", "Tests", "{53E57B0D-C7F1-42AE-BEEB-40E52A2CDC14}"
EndProject
Project("{FAE04EC0-301F-11D3-BF4B-00C04F79EFBC}") = "StrataClientTest", "tests\StrataClientTest\StrataClientTest.csproj", "{13F921F4-62FC-4FFB-B936-05CAB448BCC8}"
EndProject
Project("{FAE04EC0-301F-11D3-BF4B-00C04F79EFBC}") = "StrataIntegrator", "components\StrataIntegrator\StrataIntegrator.csproj", "{84B25C27-55C2-46FD-AF3F-41D24E6585C7}"
EndProject
Project("{FAE04EC0-301F-11D3-BF4B-00C04F79EFBC}") = "StrataActiveMqIntegrator", "components\StrataActiveMqIntegrator\StrataActiveMqIntegrator.csproj", "{6DE1E781-3EFD-4391-BEBA-AEFA30004051}"
EndProject
Project("{FAE04EC0-301F-11D3-BF4B-00C04F79EFBC}") = "StrataIntegratorTest", "tests\StrataIntegratorTest\StrataIntegratorTest.csproj", "{5E18637D-825C-4A56-BE76-6A69BFD9DD5E}"
EndProject
Project("{FAE04EC0-301F-11D3-BF4B-00C04F79EFBC}") = "StrataActiveMqIntegratorTest", "tests\StrataActiveMqIntegratorTest\StrataActiveMqIntegratorTest.csproj", "{523BDA6C-1788-49D8-974A-04FA7C1D2920}"
EndProject
Project("{FAE04EC0-301F-11D3-BF4B-00C04F79EFBC}") = "StrataSqsIntegrator", "components\StrataSqsIntegrator\StrataSqsIntegrator.csproj", "{0DEC6956-D607-4CAD-94AE-5A2E4B88CB70}"
EndProject
Project("{FAE04EC0-301F-11D3-BF4B-00C04F79EFBC}") = "StrataSqsIntegratorTest", "tests\StrataSqsIntegratorTest\StrataSqsIntegratorTest.csproj", "{B8378617-7271-4F51-9DE6-363AD039CDF4}"
EndProject
Global
	GlobalSection(SolutionConfigurationPlatforms) = preSolution
		Debug|Any CPU = Debug|Any CPU
		Release|Any CPU = Release|Any CPU
	EndGlobalSection
	GlobalSection(ProjectConfigurationPlatforms) = postSolution
		{BE2F05C0-1BD3-4041-A575-421FFBC905D0}.Debug|Any CPU.ActiveCfg = Debug|Any CPU
		{BE2F05C0-1BD3-4041-A575-421FFBC905D0}.Debug|Any CPU.Build.0 = Debug|Any CPU
		{BE2F05C0-1BD3-4041-A575-421FFBC905D0}.Release|Any CPU.ActiveCfg = Release|Any CPU
		{BE2F05C0-1BD3-4041-A575-421FFBC905D0}.Release|Any CPU.Build.0 = Release|Any CPU
		{13F921F4-62FC-4FFB-B936-05CAB448BCC8}.Debug|Any CPU.ActiveCfg = Debug|Any CPU
		{13F921F4-62FC-4FFB-B936-05CAB448BCC8}.Debug|Any CPU.Build.0 = Debug|Any CPU
		{13F921F4-62FC-4FFB-B936-05CAB448BCC8}.Release|Any CPU.ActiveCfg = Release|Any CPU
		{13F921F4-62FC-4FFB-B936-05CAB448BCC8}.Release|Any CPU.Build.0 = Release|Any CPU
		{84B25C27-55C2-46FD-AF3F-41D24E6585C7}.Debug|Any CPU.ActiveCfg = Debug|Any CPU
		{84B25C27-55C2-46FD-AF3F-41D24E6585C7}.Debug|Any CPU.Build.0 = Debug|Any CPU
		{84B25C27-55C2-46FD-AF3F-41D24E6585C7}.Release|Any CPU.ActiveCfg = Release|Any CPU
		{84B25C27-55C2-46FD-AF3F-41D24E6585C7}.Release|Any CPU.Build.0 = Release|Any CPU
		{6DE1E781-3EFD-4391-BEBA-AEFA30004051}.Debug|Any CPU.ActiveCfg = Debug|Any CPU
		{6DE1E781-3EFD-4391-BEBA-AEFA30004051}.Debug|Any CPU.Build.0 = Debug|Any CPU
		{6DE1E781-3EFD-4391-BEBA-AEFA30004051}.Release|Any CPU.ActiveCfg = Release|Any CPU
		{6DE1E781-3EFD-4391-BEBA-AEFA30004051}.Release|Any CPU.Build.0 = Release|Any CPU
		{5E18637D-825C-4A56-BE76-6A69BFD9DD5E}.Debug|Any CPU.ActiveCfg = Debug|Any CPU
		{5E18637D-825C-4A56-BE76-6A69BFD9DD5E}.Debug|Any CPU.Build.0 = Debug|Any CPU
		{5E18637D-825C-4A56-BE76-6A69BFD9DD5E}.Release|Any CPU.ActiveCfg = Release|Any CPU
		{5E18637D-825C-4A56-BE76-6A69BFD9DD5E}.Release|Any CPU.Build.0 = Release|Any CPU
		{523BDA6C-1788-49D8-974A-04FA7C1D2920}.Debug|Any CPU.ActiveCfg = Debug|Any CPU
		{523BDA6C-1788-49D8-974A-04FA7C1D2920}.Debug|Any CPU.Build.0 = Debug|Any CPU
		{523BDA6C-1788-49D8-974A-04FA7C1D2920}.Release|Any CPU.ActiveCfg = Release|Any CPU
		{523BDA6C-1788-49D8-974A-04FA7C1D2920}.Release|Any CPU.Build.0 = Release|Any CPU
		{0DEC6956-D607-4CAD-94AE-5A2E4B88CB70}.Debug|Any CPU.ActiveCfg = Debug|Any CPU
		{0DEC6956-D607-4CAD-94AE-5A2E4B88CB70}.Debug|Any CPU.Build.0 = Debug|Any CPU
		{0DEC6956-D607-4CAD-94AE-5A2E4B88CB70}.Release|Any CPU.ActiveCfg = Release|Any CPU
		{0DEC6956-D607-4CAD-94AE-5A2E4B88CB70}.Release|Any CPU.Build.0 = Release|Any CPU
		{B8378617-7271-4F51-9DE6-363AD039CDF4}.Debug|Any CPU.ActiveCfg = Debug|Any CPU
		{B8378617-7271-4F51-9DE6-363AD039CDF4}.Debug|Any CPU.Build.0 = Debug|Any CPU
		{B8378617-7271-4F51-9DE6-363AD039CDF4}.Release|Any CPU.ActiveCfg = Release|Any CPU
		{B8378617-7271-4F51-9DE6-363AD039CDF4}.Release|Any CPU.Build.0 = Release|Any CPU
	EndGlobalSection
	GlobalSection(SolutionProperties) = preSolution
		HideSolutionNode = FALSE
	EndGlobalSection
	GlobalSection(NestedProjects) = preSolution
		{BE2F05C0-1BD3-4041-A575-421FFBC905D0} = {1F7E4D45-A761-47C5-AD41-B5914BF97A4D}
		{13F921F4-62FC-4FFB-B936-05CAB448BCC8} = {53E57B0D-C7F1-42AE-BEEB-40E52A2CDC14}
		{84B25C27-55C2-46FD-AF3F-41D24E6585C7} = {1F7E4D45-A761-47C5-AD41-B5914BF97A4D}
		{6DE1E781-3EFD-4391-BEBA-AEFA30004051} = {1F7E4D45-A761-47C5-AD41-B5914BF97A4D}
		{5E18637D-825C-4A56-BE76-6A69BFD9DD5E} = {53E57B0D-C7F1-42AE-BEEB-40E52A2CDC14}
		{523BDA6C-1788-49D8-974A-04FA7C1D2920} = {53E57B0D-C7F1-42AE-BEEB-40E52A2CDC14}
		{0DEC6956-D607-4CAD-94AE-5A2E4B88CB70} = {1F7E4D45-A761-47C5-AD41-B5914BF97A4D}
		{B8378617-7271-4F51-9DE6-363AD039CDF4} = {53E57B0D-C7F1-42AE-BEEB-40E52A2CDC14}
	EndGlobalSection
EndGlobal
